// !$*UTF8*$!
{
	archiveVersion = 1;
	classes = {
	};
	objectVersion = 77;
	objects = {

/* Begin PBXBuildFile section */
		9A3DA9882FC93A7D00605C79 /* RevenueCat in Frameworks */ = {isa = PBXBuildFile; productRef = 9A3DA9872FC93A7D00605C79 /* RevenueCat */; };
		9A3DA98A2FC93A7D00605C79 /* RevenueCatUI in Frameworks */ = {isa = PBXBuildFile; productRef = 9A3DA9892FC93A7D00605C79 /* RevenueCatUI */; };
		9A76AE292FC7E58C00A7285A /* FirebaseAuth in Frameworks */ = {isa = PBXBuildFile; productRef = 9A76AE282FC7E58C00A7285A /* FirebaseAuth */; };
		9A76AE2B2FC7E58C00A7285A /* FirebaseFirestore in Frameworks */ = {isa = PBXBuildFile; productRef = 9A76AE2A2FC7E58C00A7285A /* FirebaseFirestore */; };
		9A76AE2D2FC7E58C00A7285A /* FirebaseMessaging in Frameworks */ = {isa = PBXBuildFile; productRef = 9A76AE2C2FC7E58C00A7285A /* FirebaseMessaging */; };
		9A76AE2F2FC7E58C00A7285A /* FirebaseStorage in Frameworks */ = {isa = PBXBuildFile; productRef = 9A76AE2E2FC7E58C00A7285A /* FirebaseStorage */; };
		CC001001001001001001AA12 /* WidgetKit.framework in Frameworks */ = {isa = PBXBuildFile; fileRef = CC001001001001001001AA10 /* WidgetKit.framework */; };
		CC001001001001001001AA13 /* ActivityKit.framework in Frameworks */ = {isa = PBXBuildFile; fileRef = CC001001001001001001AA11 /* ActivityKit.framework */; };
		CC001001001001001001AA14 /* ActivityKit.framework in Frameworks */ = {isa = PBXBuildFile; fileRef = CC001001001001001001AA11 /* ActivityKit.framework */; };
		CC001001001001001001AA16 /* KikuWidget.appex in Embed Foundation Extensions */ = {isa = PBXBuildFile; fileRef = CC001001001001001001AA01 /* KikuWidget.appex */; settings = {ATTRIBUTES = (RemoveHeadersOnCopy, ); }; };
		KSHR000000000000000041 /* KikuShared in Frameworks */ = {isa = PBXBuildFile; productRef = KSHR000000000000000042 /* KikuShared */; };
		KSHR000000000000000043 /* KikuShared in Frameworks */ = {isa = PBXBuildFile; productRef = KSHR000000000000000044 /* KikuShared */; };
		NC001001001001001001AA16 /* KikuNotificationContent.appex in Embed Foundation Extensions */ = {isa = PBXBuildFile; fileRef = NC001001001001001001AA01 /* KikuNotificationContent.appex */; settings = {ATTRIBUTES = (RemoveHeadersOnCopy, ); }; };
/* End PBXBuildFile section */

/* Begin PBXContainerItemProxy section */
		CC001001001001001001AA18 /* PBXContainerItemProxy */ = {
			isa = PBXContainerItemProxy;
			containerPortal = AA00000100000000000000BB /* Project object */;
			proxyType = 1;
			remoteGlobalIDString = CC001001001001001001AA06;
			remoteInfo = KikuWidget;
		};
		NC001001001001001001AA18 /* PBXContainerItemProxy */ = {
			isa = PBXContainerItemProxy;
			containerPortal = AA00000100000000000000BB /* Project object */;
			proxyType = 1;
			remoteGlobalIDString = NC001001001001001001AA06;
			remoteInfo = KikuNotificationContent;
		};
/* End PBXContainerItemProxy section */

/* Begin PBXCopyFilesBuildPhase section */
		CC001001001001001001AA15 /* Embed Foundation Extensions */ = {
			isa = PBXCopyFilesBuildPhase;
			buildActionMask = 2147483647;
			dstPath = "";
			dstSubfolderSpec = 13;
			files = (
				CC001001001001001001AA16 /* KikuWidget.appex in Embed Foundation Extensions */,
				NC001001001001001001AA16 /* KikuNotificationContent.appex in Embed Foundation Extensions */,
			);
			name = "Embed Foundation Extensions";
			runOnlyForDeploymentPostprocessing = 0;
		};
/* End PBXCopyFilesBuildPhase section */

/* Begin PBXFileReference section */
		AA000001000000000000001A /* Kiku.app */ = {isa = PBXFileReference; explicitFileType = wrapper.application; includeInIndex = 0; path = Kiku.app; sourceTree = BUILT_PRODUCTS_DIR; };
		CC001001001001001001AA01 /* KikuWidget.appex */ = {isa = PBXFileReference; explicitFileType = "wrapper.app-extension"; includeInIndex = 0; path = KikuWidget.appex; sourceTree = BUILT_PRODUCTS_DIR; };
		CC001001001001001001AA10 /* WidgetKit.framework */ = {isa = PBXFileReference; lastKnownFileType = wrapper.framework; name = WidgetKit.framework; path = System/Library/Frameworks/WidgetKit.framework; sourceTree = SDKROOT; };
		CC001001001001001001AA11 /* ActivityKit.framework */ = {isa = PBXFileReference; lastKnownFileType = wrapper.framework; name = ActivityKit.framework; path = System/Library/Frameworks/ActivityKit.framework; sourceTree = SDKROOT; };
		NC001001001001001001AA01 /* KikuNotificationContent.appex */ = {isa = PBXFileReference; explicitFileType = "wrapper.app-extension"; includeInIndex = 0; path = KikuNotificationContent.appex; sourceTree = BUILT_PRODUCTS_DIR; };
/* End PBXFileReference section */

/* Begin PBXFileSystemSynchronizedRootGroup section */
		AA000001000000000000001B /* Kiku */ = {
			isa = PBXFileSystemSynchronizedRootGroup;
			path = Kiku;
			sourceTree = "<group>";
		};
		CC001001001001001001AA02 /* KikuWidget */ = {
			isa = PBXFileSystemSynchronizedRootGroup;
			path = KikuWidget;
			sourceTree = "<group>";
		};
		NC001001001001001001AA02 /* KikuNotificationContent */ = {
			isa = PBXFileSystemSynchronizedRootGroup;
			path = KikuNotificationContent;
			sourceTree = "<group>";
		};
/* End PBXFileSystemSynchronizedRootGroup section */

/* Begin PBXFrameworksBuildPhase section */
		AA000001000000000000000C /* Frameworks */ = {
			isa = PBXFrameworksBuildPhase;
			buildActionMask = 2147483647;
			files = (
				CC001001001001001001AA14 /* ActivityKit.framework in Frameworks */,
				9A76AE2B2FC7E58C00A7285A /* FirebaseFirestore in Frameworks */,
				9A3DA98A2FC93A7D00605C79 /* RevenueCatUI in Frameworks */,
				9A3DA9882FC93A7D00605C79 /* RevenueCat in Frameworks */,
				9A76AE2D2FC7E58C00A7285A /* FirebaseMessaging in Frameworks */,
				9A76AE2F2FC7E58C00A7285A /* FirebaseStorage in Frameworks */,
				9A76AE292FC7E58C00A7285A /* FirebaseAuth in Frameworks */,
				KSHR000000000000000041 /* KikuShared in Frameworks */,
			);
			runOnlyForDeploymentPostprocessing = 0;
		};
		CC001001001001001001AA04 /* Frameworks */ = {
			isa = PBXFrameworksBuildPhase;
			buildActionMask = 2147483647;
			files = (
				CC001001001001001001AA12 /* WidgetKit.framework in Frameworks */,
				CC001001001001001001AA13 /* ActivityKit.framework in Frameworks */,
				KSHR000000000000000043 /* KikuShared in Frameworks */,
			);
			runOnlyForDeploymentPostprocessing = 0;
		};
		NC001001001001001001AA04 /* Frameworks */ = {
			isa = PBXFrameworksBuildPhase;
			buildActionMask = 2147483647;
			files = (
			);
			runOnlyForDeploymentPostprocessing = 0;
		};
/* End PBXFrameworksBuildPhase section */

/* Begin PBXGroup section */
		AA000001000000000000001C /* Products */ = {
			isa = PBXGroup;
			children = (
				AA000001000000000000001A /* Kiku.app */,
				CC001001001001001001AA01 /* KikuWidget.appex */,
				NC001001001001001001AA01 /* KikuNotificationContent.appex */,
			);
			name = Products;
			sourceTree = "<group>";
		};
		AA00000100000000000000AA = {
			isa = PBXGroup;
			children = (
				AA000001000000000000001B /* Kiku */,
				CC001001001001001001AA02 /* KikuWidget */,
				NC001001001001001001AA02 /* KikuNotificationContent */,
				CC001001001001001001AAFR /* Frameworks */,
				AA000001000000000000001C /* Products */,
			);
			sourceTree = "<group>";
		};
		CC001001001001001001AAFR /* Frameworks */ = {
			isa = PBXGroup;
			children = (
				CC001001001001001001AA10 /* WidgetKit.framework */,
				CC001001001001001001AA11 /* ActivityKit.framework */,
			);
			name = Frameworks;
			sourceTree = "<group>";
		};
/* End PBXGroup section */

/* Begin PBXNativeTarget section */
		AA000001000000000000000E /* Kiku */ = {
			isa = PBXNativeTarget;
			buildConfigurationList = AA000001000000000000001E /* Build configuration list for PBXNativeTarget "Kiku" */;
			buildPhases = (
				AA00000100000000000000AB /* Sources */,
				AA000001000000000000000C /* Frameworks */,
				AA000001000000000000000D /* Resources */,
				CC001001001001001001AA15 /* Embed Foundation Extensions */,
			);
			buildRules = (
			);
			dependencies = (
				CC001001001001001001AA17 /* PBXTargetDependency */,
				NC001001001001001001AA17 /* PBXTargetDependency */,
			);
			fileSystemSynchronizedGroups = (
				AA000001000000000000001B /* Kiku */,
			);
			name = Kiku;
			packageProductDependencies = (
				KSHR000000000000000042 /* KikuShared */,
				9A76AE282FC7E58C00A7285A /* FirebaseAuth */,
				9A76AE2A2FC7E58C00A7285A /* FirebaseFirestore */,
				9A76AE2C2FC7E58C00A7285A /* FirebaseMessaging */,
				9A76AE2E2FC7E58C00A7285A /* FirebaseStorage */,
				9A3DA9872FC93A7D00605C79 /* RevenueCat */,
				9A3DA9892FC93A7D00605C79 /* RevenueCatUI */,
			);
			productName = Kiku;
			productReference = AA000001000000000000001A /* Kiku.app */;
			productType = "com.apple.product-type.application";
		};
		CC001001001001001001AA06 /* KikuWidget */ = {
			isa = PBXNativeTarget;
			buildConfigurationList = CC001001001001001001AA07 /* Build configuration list for PBXNativeTarget "KikuWidget" */;
			buildPhases = (
				CC001001001001001001AA03 /* Sources */,
				CC001001001001001001AA04 /* Frameworks */,
				CC001001001001001001AA05 /* Resources */,
			);
			buildRules = (
			);
			dependencies = (
			);
			fileSystemSynchronizedGroups = (
				CC001001001001001001AA02 /* KikuWidget */,
			);
			name = KikuWidget;
			packageProductDependencies = (
				KSHR000000000000000044 /* KikuShared */,
			);
			productName = KikuWidget;
			productReference = CC001001001001001001AA01 /* KikuWidget.appex */;
			productType = "com.apple.product-type.app-extension";
		};
		NC001001001001001001AA06 /* KikuNotificationContent */ = {
			isa = PBXNativeTarget;
			buildConfigurationList = NC001001001001001001AA07 /* Build configuration list for PBXNativeTarget "KikuNotificationContent" */;
			buildPhases = (
				NC001001001001001001AA03 /* Sources */,
				NC001001001001001001AA04 /* Frameworks */,
				NC001001001001001001AA05 /* Resources */,
			);
			buildRules = (
			);
			dependencies = (
			);
			fileSystemSynchronizedGroups = (
				NC001001001001001001AA02 /* KikuNotificationContent */,
			);
			name = KikuNotificationContent;
			productName = KikuNotificationContent;
			productReference = NC001001001001001001AA01 /* KikuNotificationContent.appex */;
			productType = "com.apple.product-type.app-extension";
		};
/* End PBXNativeTarget section */

/* Begin PBXProject section */
		AA00000100000000000000BB /* Project object */ = {
			isa = PBXProject;
			attributes = {
				BuildIndependentTargetsInParallel = 1;
				LastSwiftUpdateCheck = 2640;
				LastUpgradeCheck = 2650;
				TargetAttributes = {
					AA000001000000000000000E = {
						CreatedOnToolsVersion = 26.4.1;
					};
					CC001001001001001001AA06 = {
						CreatedOnToolsVersion = 26.4.1;
					};
					NC001001001001001001AA06 = {
						CreatedOnToolsVersion = 26.4.1;
					};
				};
			};
			buildConfigurationList = AA000001000000000000001D /* Build configuration list for PBXProject "Kiku" */;
			developmentRegion = ja;
			hasScannedForEncodings = 0;
			knownRegions = (
				en,
				Base,
				ja,
			);
			mainGroup = AA00000100000000000000AA;
			minimizedProjectReferenceProxies = 1;
			packageReferences = (
				KSHR000000000000000040 /* XCLocalSwiftPackageReference "KikuShared" */,
				9A76AE272FC7E58C00A7285A /* XCRemoteSwiftPackageReference "firebase-ios-sdk" */,
				9A3DA9862FC93A7D00605C79 /* XCRemoteSwiftPackageReference "purchases-ios" */,
			);
			preferredProjectObjectVersion = 77;
			productRefGroup = AA000001000000000000001C /* Products */;
			projectDirPath = "";
			projectRoot = "";
			targets = (
				AA000001000000000000000E /* Kiku */,
				CC001001001001001001AA06 /* KikuWidget */,
				NC001001001001001001AA06 /* KikuNotificationContent */,
			);
		};
/* End PBXProject section */

/* Begin PBXResourcesBuildPhase section */
		AA000001000000000000000D /* Resources */ = {
			isa = PBXResourcesBuildPhase;
			buildActionMask = 2147483647;
			files = (
			);
			runOnlyForDeploymentPostprocessing = 0;
		};
		CC001001001001001001AA05 /* Resources */ = {
			isa = PBXResourcesBuildPhase;
			buildActionMask = 2147483647;
			files = (
			);
			runOnlyForDeploymentPostprocessing = 0;
		};
		NC001001001001001001AA05 /* Resources */ = {
			isa = PBXResourcesBuildPhase;
			buildActionMask = 2147483647;
			files = (
			);
			runOnlyForDeploymentPostprocessing = 0;
		};
/* End PBXResourcesBuildPhase section */

/* Begin PBXSourcesBuildPhase section */
		AA00000100000000000000AB /* Sources */ = {
			isa = PBXSourcesBuildPhase;
			buildActionMask = 2147483647;
			files = (
			);
			runOnlyForDeploymentPostprocessing = 0;
		};
		CC001001001001001001AA03 /* Sources */ = {
			isa = PBXSourcesBuildPhase;
			buildActionMask = 2147483647;
			files = (
			);
			runOnlyForDeploymentPostprocessing = 0;
		};
		NC001001001001001001AA03 /* Sources */ = {
			isa = PBXSourcesBuildPhase;
			buildActionMask = 2147483647;
			files = (
			);
			runOnlyForDeploymentPostprocessing = 0;
		};
/* End PBXSourcesBuildPhase section */

/* Begin PBXTargetDependency section */
		CC001001001001001001AA17 /* PBXTargetDependency */ = {
			isa = PBXTargetDependency;
			target = CC001001001001001001AA06 /* KikuWidget */;
			targetProxy = CC001001001001001001AA18 /* PBXContainerItemProxy */;
		};
		NC001001001001001001AA17 /* PBXTargetDependency */ = {
			isa = PBXTargetDependency;
			target = NC001001001001001001AA06 /* KikuNotificationContent */;
			targetProxy = NC001001001001001001AA18 /* PBXContainerItemProxy */;
		};
/* End PBXTargetDependency section */

/* Begin XCBuildConfiguration section */
		AA000001000000000000002A /* Debug */ = {
			isa = XCBuildConfiguration;
			buildSettings = {
				ALWAYS_SEARCH_USER_PATHS = NO;
				ASSETCATALOG_COMPILER_GENERATE_SWIFT_ASSET_SYMBOL_EXTENSIONS = YES;
				CLANG_ANALYZER_NONNULL = YES;
				CLANG_ANALYZER_NUMBER_OBJECT_CONVERSION = YES_AGGRESSIVE;
				CLANG_CXX_LANGUAGE_STANDARD = "gnu++20";
				CLANG_ENABLE_MODULES = YES;
				CLANG_ENABLE_OBJC_ARC = YES;
				CLANG_ENABLE_OBJC_WEAK = YES;
				CLANG_WARN_BLOCK_CAPTURE_AUTORELEASING = YES;
				CLANG_WARN_BOOL_CONVERSION = YES;
				CLANG_WARN_COMMA = YES;
				CLANG_WARN_CONSTANT_CONVERSION = YES;
				CLANG_WARN_DEPRECATED_OBJC_IMPLEMENTATIONS = YES;
				CLANG_WARN_DIRECT_OBJC_ISA_USAGE = YES_ERROR;
				CLANG_WARN_DOCUMENTATION_COMMENTS = YES;
				CLANG_WARN_EMPTY_BODY = YES;
				CLANG_WARN_ENUM_CONVERSION = YES;
				CLANG_WARN_INFINITE_RECURSION = YES;
				CLANG_WARN_INT_CONVERSION = YES;
				CLANG_WARN_NON_LITERAL_NULL_CONVERSION = YES;
				CLANG_WARN_OBJC_IMPLICIT_RETAIN_SELF = YES;
				CLANG_WARN_OBJC_LITERAL_CONVERSION = YES;
				CLANG_WARN_OBJC_ROOT_CLASS = YES_ERROR;
				CLANG_WARN_QUOTED_INCLUDE_IN_FRAMEWORK_HEADER = YES;
				CLANG_WARN_RANGE_LOOP_ANALYSIS = YES;
				CLANG_WARN_STRICT_PROTOTYPES = YES;
				CLANG_WARN_SUSPICIOUS_MOVE = YES;
				CLANG_WARN_UNGUARDED_AVAILABILITY = YES_AGGRESSIVE;
				CLANG_WARN_UNREACHABLE_CODE = YES;
				CLANG_WARN__DUPLICATE_METHOD_MATCH = YES;
				COPY_PHASE_STRIP = NO;
				DEBUG_INFORMATION_FORMAT = dwarf;
				ENABLE_STRICT_OBJC_MSGSEND = YES;
				ENABLE_TESTABILITY = YES;
				ENABLE_USER_SCRIPT_SANDBOXING = YES;
				GCC_C_LANGUAGE_STANDARD = gnu17;
				GCC_DYNAMIC_NO_PIC = NO;
				GCC_NO_COMMON_BLOCKS = YES;
				GCC_OPTIMIZATION_LEVEL = 0;
				GCC_PREPROCESSOR_DEFINITIONS = (
					"DEBUG=1",
					"$(inherited)",
				);
				GCC_WARN_64_TO_32_BIT_CONVERSION = YES;
				GCC_WARN_ABOUT_RETURN_TYPE = YES_ERROR;
				GCC_WARN_UNDECLARED_SELECTOR = YES;
				GCC_WARN_UNINITIALIZED_AUTOS = YES_AGGRESSIVE;
				GCC_WARN_UNUSED_FUNCTION = YES;
				GCC_WARN_UNUSED_VARIABLE = YES;
				IPHONEOS_DEPLOYMENT_TARGET = 17.0;
				LOCALIZATION_PREFERS_STRING_CATALOGS = YES;
				MTL_ENABLE_DEBUG_INFO = INCLUDE_SOURCE;
				MTL_FAST_MATH = YES;
				ONLY_ACTIVE_ARCH = YES;
				SDKROOT = iphoneos;
				STRING_CATALOG_GENERATE_SYMBOLS = YES;
				SWIFT_ACTIVE_COMPILATION_CONDITIONS = "DEBUG $(inherited)";
				SWIFT_OPTIMIZATION_LEVEL = "-Onone";
			};
			name = Debug;
		};
		AA000001000000000000002B /* Release */ = {
			isa = XCBuildConfiguration;
			buildSettings = {
				ALWAYS_SEARCH_USER_PATHS = NO;
				ASSETCATALOG_COMPILER_GENERATE_SWIFT_ASSET_SYMBOL_EXTENSIONS = YES;
				CLANG_ANALYZER_NONNULL = YES;
				CLANG_CXX_LANGUAGE_STANDARD = "gnu++20";
				CLANG_ENABLE_MODULES = YES;
				CLANG_ENABLE_OBJC_ARC = YES;
				CLANG_ENABLE_OBJC_WEAK = YES;
				CLANG_WARN_BLOCK_CAPTURE_AUTORELEASING = YES;
				CLANG_WARN_BOOL_CONVERSION = YES;
				CLANG_WARN_COMMA = YES;
				CLANG_WARN_CONSTANT_CONVERSION = YES;
				CLANG_WARN_DEPRECATED_OBJC_IMPLEMENTATIONS = YES;
				CLANG_WARN_DIRECT_OBJC_ISA_USAGE = YES_ERROR;
				CLANG_WARN_DOCUMENTATION_COMMENTS = YES;
				CLANG_WARN_EMPTY_BODY = YES;
				CLANG_WARN_ENUM_CONVERSION = YES;
				CLANG_WARN_INFINITE_RECURSION = YES;
				CLANG_WARN_INT_CONVERSION = YES;
				CLANG_WARN_NON_LITERAL_NULL_CONVERSION = YES;
				CLANG_WARN_OBJC_IMPLICIT_RETAIN_SELF = YES;
				CLANG_WARN_OBJC_LITERAL_CONVERSION = YES;
				CLANG_WARN_OBJC_ROOT_CLASS = YES_ERROR;
				CLANG_WARN_QUOTED_INCLUDE_IN_FRAMEWORK_HEADER = YES;
				CLANG_WARN_RANGE_LOOP_ANALYSIS = YES;
				CLANG_WARN_STRICT_PROTOTYPES = YES;
				CLANG_WARN_SUSPICIOUS_MOVE = YES;
				CLANG_WARN_UNGUARDED_AVAILABILITY = YES_AGGRESSIVE;
				CLANG_WARN_UNREACHABLE_CODE = YES;
				CLANG_WARN__DUPLICATE_METHOD_MATCH = YES;
				COPY_PHASE_STRIP = NO;
				DEBUG_INFORMATION_FORMAT = "dwarf-with-dsym";
				ENABLE_NS_ASSERTIONS = NO;
				ENABLE_STRICT_OBJC_MSGSEND = YES;
				ENABLE_USER_SCRIPT_SANDBOXING = YES;
				GCC_C_LANGUAGE_STANDARD = gnu17;
				GCC_NO_COMMON_BLOCKS = YES;
				GCC_WARN_64_TO_32_BIT_CONVERSION = YES;
				GCC_WARN_ABOUT_RETURN_TYPE = YES_ERROR;
				GCC_WARN_UNDECLARED_SELECTOR = YES;
				GCC_WARN_UNINITIALIZED_AUTOS = YES_AGGRESSIVE;
				GCC_WARN_UNUSED_FUNCTION = YES;
				GCC_WARN_UNUSED_VARIABLE = YES;
				IPHONEOS_DEPLOYMENT_TARGET = 17.0;
				LOCALIZATION_PREFERS_STRING_CATALOGS = YES;
				MTL_ENABLE_DEBUG_INFO = NO;
				MTL_FAST_MATH = YES;
				SDKROOT = iphoneos;
				STRING_CATALOG_GENERATE_SYMBOLS = YES;
				SWIFT_COMPILATION_MODE = wholemodule;
				VALIDATE_PRODUCT = YES;
			};
			name = Release;
		};
		AA000001000000000000002C /* Debug */ = {
			isa = XCBuildConfiguration;
			buildSettings = {
				ASSETCATALOG_COMPILER_APPICON_NAME = AppIcon;
				ASSETCATALOG_COMPILER_GLOBAL_ACCENT_COLOR_NAME = AccentColor;
				ASSETCATALOG_COMPILER_INCLUDE_ALL_APPICON_ASSETS = NO;
				CODE_SIGN_ENTITLEMENTS = Kiku/Kiku.entitlements;
				CODE_SIGN_IDENTITY = "Apple Development";
				CODE_SIGN_STYLE = Automatic;
				CURRENT_PROJECT_VERSION = 7;
				DEVELOPMENT_TEAM = TT6KR8QU45;
				ENABLE_PREVIEWS = YES;
				GENERATE_INFOPLIST_FILE = YES;
				INFOPLIST_KEY_CFBundleURLTypes = "[{CFBundleURLSchemes = [kiku];}]";
				INFOPLIST_KEY_ITSAppUsesNonExemptEncryption = NO;
				INFOPLIST_KEY_NSCalendarsFullAccessUsageDescription = "カレンダーにメッセージを予定として追加するために使用します";
				INFOPLIST_KEY_NSCameraUsageDescription = "QRコードを読み取って友達を追加するために使用します";
				INFOPLIST_KEY_NSRemindersFullAccessUsageDescription = "リマインダーにメッセージをタスクとして追加するために使用します";
				INFOPLIST_KEY_NSSupportsLiveActivities = YES;
				INFOPLIST_KEY_NSUserActivityTypes = "[INSendMessageIntent]";
				INFOPLIST_KEY_UIApplicationSceneManifest_Generation = YES;
				INFOPLIST_KEY_UIApplicationSupportsIndirectInputEvents = YES;
				INFOPLIST_KEY_UILaunchScreen_Generation = YES;
				INFOPLIST_KEY_UILaunchStoryboardName = "";
				INFOPLIST_KEY_UISupportedInterfaceOrientations_iPhone = UIInterfaceOrientationPortrait;
				LD_RUNPATH_SEARCH_PATHS = (
					"$(inherited)",
					"@executable_path/Frameworks",
				);
				MARKETING_VERSION = 1.0;
				PRODUCT_BUNDLE_IDENTIFIER = com.yukichi.kiku;
				PRODUCT_NAME = "$(TARGET_NAME)";
				PROVISIONING_PROFILE_SPECIFIER = "";
				SWIFT_EMIT_LOC_STRINGS = YES;
				SWIFT_VERSION = 5.0;
				TARGETED_DEVICE_FAMILY = 1;
			};
			name = Debug;
		};
		AA000001000000000000002D /* Release */ = {
			isa = XCBuildConfiguration;
			buildSettings = {
				ASSETCATALOG_COMPILER_APPICON_NAME = AppIcon;
				ASSETCATALOG_COMPILER_GLOBAL_ACCENT_COLOR_NAME = AccentColor;
				ASSETCATALOG_COMPILER_INCLUDE_ALL_APPICON_ASSETS = NO;
				CODE_SIGN_ENTITLEMENTS = Kiku/Kiku.entitlements;
				CODE_SIGN_IDENTITY = "Apple Development";
				CODE_SIGN_STYLE = Automatic;
				CURRENT_PROJECT_VERSION = 7;
				DEVELOPMENT_TEAM = TT6KR8QU45;
				ENABLE_PREVIEWS = YES;
				GENERATE_INFOPLIST_FILE = YES;
				INFOPLIST_KEY_CFBundleURLTypes = "[{CFBundleURLSchemes = [kiku];}]";
				INFOPLIST_KEY_ITSAppUsesNonExemptEncryption = NO;
				INFOPLIST_KEY_NSCalendarsFullAccessUsageDescription = "カレンダーにメッセージを予定として追加するために使用します";
				INFOPLIST_KEY_NSCameraUsageDescription = "QRコードを読み取って友達を追加するために使用します";
				INFOPLIST_KEY_NSRemindersFullAccessUsageDescription = "リマインダーにメッセージをタスクとして追加するために使用します";
				INFOPLIST_KEY_NSSupportsLiveActivities = YES;
				INFOPLIST_KEY_NSUserActivityTypes = "[INSendMessageIntent]";
				INFOPLIST_KEY_UIApplicationSceneManifest_Generation = YES;
				INFOPLIST_KEY_UIApplicationSupportsIndirectInputEvents = YES;
				INFOPLIST_KEY_UILaunchScreen_Generation = YES;
				INFOPLIST_KEY_UILaunchStoryboardName = "";
				INFOPLIST_KEY_UISupportedInterfaceOrientations_iPhone = UIInterfaceOrientationPortrait;
				LD_RUNPATH_SEARCH_PATHS = (
					"$(inherited)",
					"@executable_path/Frameworks",
				);
				MARKETING_VERSION = 1.0;
				PRODUCT_BUNDLE_IDENTIFIER = com.yukichi.kiku;
				PRODUCT_NAME = "$(TARGET_NAME)";
				PROVISIONING_PROFILE_SPECIFIER = "";
				SWIFT_EMIT_LOC_STRINGS = YES;
				SWIFT_VERSION = 5.0;
				TARGETED_DEVICE_FAMILY = 1;
			};
			name = Release;
		};
		CC001001001001001001AA08 /* Debug */ = {
			isa = XCBuildConfiguration;
			buildSettings = {
				ASSETCATALOG_COMPILER_GLOBAL_ACCENT_COLOR_NAME = AccentColor;
				CODE_SIGN_ENTITLEMENTS = KikuWidget/KikuWidget.entitlements;
				CODE_SIGN_STYLE = Automatic;
				CURRENT_PROJECT_VERSION = 7;
				DEVELOPMENT_TEAM = TT6KR8QU45;
				GENERATE_INFOPLIST_FILE = NO;
				INFOPLIST_FILE = KikuWidgetInfo.plist;
				LD_RUNPATH_SEARCH_PATHS = (
					"$(inherited)",
					"@executable_path/Frameworks",
					"@executable_path/../../Frameworks",
				);
				MARKETING_VERSION = 1.0;
				PRODUCT_BUNDLE_IDENTIFIER = com.yukichi.kiku.widget;
				PRODUCT_NAME = "$(TARGET_NAME)";
				SKIP_INSTALL = YES;
				SWIFT_EMIT_LOC_STRINGS = YES;
				SWIFT_VERSION = 5.0;
				TARGETED_DEVICE_FAMILY = 1;
			};
			name = Debug;
		};
		CC001001001001001001AA09 /* Release */ = {
			isa = XCBuildConfiguration;
			buildSettings = {
				ASSETCATALOG_COMPILER_GLOBAL_ACCENT_COLOR_NAME = AccentColor;
				CODE_SIGN_ENTITLEMENTS = KikuWidget/KikuWidget.entitlements;
				CODE_SIGN_STYLE = Automatic;
				CURRENT_PROJECT_VERSION = 7;
				DEVELOPMENT_TEAM = TT6KR8QU45;
				GENERATE_INFOPLIST_FILE = NO;
				INFOPLIST_FILE = KikuWidgetInfo.plist;
				LD_RUNPATH_SEARCH_PATHS = (
					"$(inherited)",
					"@executable_path/Frameworks",
					"@executable_path/../../Frameworks",
				);
				MARKETING_VERSION = 1.0;
				PRODUCT_BUNDLE_IDENTIFIER = com.yukichi.kiku.widget;
				PRODUCT_NAME = "$(TARGET_NAME)";
				SKIP_INSTALL = YES;
				SWIFT_EMIT_LOC_STRINGS = YES;
				SWIFT_VERSION = 5.0;
				TARGETED_DEVICE_FAMILY = 1;
			};
			name = Release;
		};
		NC001001001001001001AA08 /* Debug */ = {
			isa = XCBuildConfiguration;
			buildSettings = {
				CODE_SIGN_ENTITLEMENTS = KikuNotificationContent/KikuNotificationContent.entitlements;
				CODE_SIGN_STYLE = Automatic;
				CURRENT_PROJECT_VERSION = 7;
				DEVELOPMENT_TEAM = TT6KR8QU45;
				GENERATE_INFOPLIST_FILE = NO;
				INFOPLIST_FILE = KikuNotificationContentInfo.plist;
				LD_RUNPATH_SEARCH_PATHS = (
					"$(inherited)",
					"@executable_path/Frameworks",
					"@executable_path/../../Frameworks",
				);
				MARKETING_VERSION = 1.0;
				PRODUCT_BUNDLE_IDENTIFIER = com.yukichi.kiku.notificationcontent;
				PRODUCT_NAME = "$(TARGET_NAME)";
				SKIP_INSTALL = YES;
				SWIFT_EMIT_LOC_STRINGS = YES;
				SWIFT_VERSION = 5.0;
				TARGETED_DEVICE_FAMILY = 1;
			};
			name = Debug;
		};
		NC001001001001001001AA09 /* Release */ = {
			isa = XCBuildConfiguration;
			buildSettings = {
				CODE_SIGN_ENTITLEMENTS = KikuNotificationContent/KikuNotificationContent.entitlements;
				CODE_SIGN_STYLE = Automatic;
				CURRENT_PROJECT_VERSION = 7;
				DEVELOPMENT_TEAM = TT6KR8QU45;
				GENERATE_INFOPLIST_FILE = NO;
				INFOPLIST_FILE = KikuNotificationContentInfo.plist;
				LD_RUNPATH_SEARCH_PATHS = (
					"$(inherited)",
					"@executable_path/Frameworks",
					"@executable_path/../../Frameworks",
				);
				MARKETING_VERSION = 1.0;
				PRODUCT_BUNDLE_IDENTIFIER = com.yukichi.kiku.notificationcontent;
				PRODUCT_NAME = "$(TARGET_NAME)";
				SKIP_INSTALL = YES;
				SWIFT_EMIT_LOC_STRINGS = YES;
				SWIFT_VERSION = 5.0;
				TARGETED_DEVICE_FAMILY = 1;
			};
			name = Release;
		};
/* End XCBuildConfiguration section */

/* Begin XCConfigurationList section */
		AA000001000000000000001D /* Build configuration list for PBXProject "Kiku" */ = {
			isa = XCConfigurationList;
			buildConfigurations = (
				AA000001000000000000002A /* Debug */,
				AA000001000000000000002B /* Release */,
			);
			defaultConfigurationIsVisible = 0;
			defaultConfigurationName = Release;
		};
		AA000001000000000000001E /* Build configuration list for PBXNativeTarget "Kiku" */ = {
			isa = XCConfigurationList;
			buildConfigurations = (
				AA000001000000000000002C /* Debug */,
				AA000001000000000000002D /* Release */,
			);
			defaultConfigurationIsVisible = 0;
			defaultConfigurationName = Release;
		};
		CC001001001001001001AA07 /* Build configuration list for PBXNativeTarget "KikuWidget" */ = {
			isa = XCConfigurationList;
			buildConfigurations = (
				CC001001001001001001AA08 /* Debug */,
				CC001001001001001001AA09 /* Release */,
			);
			defaultConfigurationIsVisible = 0;
			defaultConfigurationName = Release;
		};
		NC001001001001001001AA07 /* Build configuration list for PBXNativeTarget "KikuNotificationContent" */ = {
			isa = XCConfigurationList;
			buildConfigurations = (
				NC001001001001001001AA08 /* Debug */,
				NC001001001001001001AA09 /* Release */,
			);
			defaultConfigurationIsVisible = 0;
			defaultConfigurationName = Release;
		};
/* End XCConfigurationList section */

/* Begin XCLocalSwiftPackageReference section */
		KSHR000000000000000040 /* XCLocalSwiftPackageReference "KikuShared" */ = {
			isa = XCLocalSwiftPackageReference;
			relativePath = KikuShared;
		};
/* End XCLocalSwiftPackageReference section */

/* Begin XCRemoteSwiftPackageReference section */
		9A3DA9862FC93A7D00605C79 /* XCRemoteSwiftPackageReference "purchases-ios" */ = {
			isa = XCRemoteSwiftPackageReference;
			repositoryURL = "https://github.com/RevenueCat/purchases-ios";
			requirement = {
				kind = upToNextMajorVersion;
				minimumVersion = 5.75.0;
			};
		};
		9A76AE272FC7E58C00A7285A /* XCRemoteSwiftPackageReference "firebase-ios-sdk" */ = {
			isa = XCRemoteSwiftPackageReference;
			repositoryURL = "https://github.com/firebase/firebase-ios-sdk";
			requirement = {
				kind = upToNextMajorVersion;
				minimumVersion = 12.14.0;
			};
		};
/* End XCRemoteSwiftPackageReference section */

/* Begin XCSwiftPackageProductDependency section */
		9A3DA9872FC93A7D00605C79 /* RevenueCat */ = {
			isa = XCSwiftPackageProductDependency;
			package = 9A3DA9862FC93A7D00605C79 /* XCRemoteSwiftPackageReference "purchases-ios" */;
			productName = RevenueCat;
		};
		9A3DA9892FC93A7D00605C79 /* RevenueCatUI */ = {
			isa = XCSwiftPackageProductDependency;
			package = 9A3DA9862FC93A7D00605C79 /* XCRemoteSwiftPackageReference "purchases-ios" */;
			productName = RevenueCatUI;
		};
		9A76AE282FC7E58C00A7285A /* FirebaseAuth */ = {
			isa = XCSwiftPackageProductDependency;
			package = 9A76AE272FC7E58C00A7285A /* XCRemoteSwiftPackageReference "firebase-ios-sdk" */;
			productName = FirebaseAuth;
		};
		9A76AE2A2FC7E58C00A7285A /* FirebaseFirestore */ = {
			isa = XCSwiftPackageProductDependency;
			package = 9A76AE272FC7E58C00A7285A /* XCRemoteSwiftPackageReference "firebase-ios-sdk" */;
			productName = FirebaseFirestore;
		};
		9A76AE2C2FC7E58C00A7285A /* FirebaseMessaging */ = {
			isa = XCSwiftPackageProductDependency;
			package = 9A76AE272FC7E58C00A7285A /* XCRemoteSwiftPackageReference "firebase-ios-sdk" */;
			productName = FirebaseMessaging;
		};
		9A76AE2E2FC7E58C00A7285A /* FirebaseStorage */ = {
			isa = XCSwiftPackageProductDependency;
			package = 9A76AE272FC7E58C00A7285A /* XCRemoteSwiftPackageReference "firebase-ios-sdk" */;
			productName = FirebaseStorage;
		};
		KSHR000000000000000042 /* KikuShared */ = {
			isa = XCSwiftPackageProductDependency;
			package = KSHR000000000000000040 /* XCLocalSwiftPackageReference "KikuShared" */;
			productName = KikuShared;
		};
		KSHR000000000000000044 /* KikuShared */ = {
			isa = XCSwiftPackageProductDependency;
			package = KSHR000000000000000040 /* XCLocalSwiftPackageReference "KikuShared" */;
			productName = KikuShared;
		};
/* End XCSwiftPackageProductDependency section */
	};
	rootObject = AA00000100000000000000BB /* Project object */;
}
